# This file is automatically @generated by Cargo.
# It is not intended for manual editing.
[[package]]
name = "anyhow"
version = "1.0.28"
source = "registry+https://github.com/rust-lang/crates.io-index"
checksum = "d9a60d744a80c30fcb657dfe2c1b22bcb3e814c1a1e3674f32bf5820b570fbff"

[[package]]
name = "anymap"
version = "0.12.1"
source = "registry+https://github.com/rust-lang/crates.io-index"
checksum = "33954243bd79057c2de7338850b85983a44588021f8a5fee574a8888c6de4344"

[[package]]
name = "autocfg"
version = "1.0.0"
source = "registry+https://github.com/rust-lang/crates.io-index"
checksum = "f8aac770f1885fd7e387acedd76065302551364496e46b3dd00860b2f8359b9d"

[[package]]
name = "bincode"
version = "1.2.1"
source = "registry+https://github.com/rust-lang/crates.io-index"
checksum = "5753e2a71534719bf3f4e57006c3a4f0d2c672a4b676eec84161f763eca87dbf"
dependencies = [
 "byteorder",
 "serde",
]

[[package]]
name = "boolinator"
version = "2.4.0"
source = "registry+https://github.com/rust-lang/crates.io-index"
checksum = "cfa8873f51c92e232f9bac4065cddef41b714152812bfc5f7672ba16d6ef8cd9"

[[package]]
name = "bumpalo"
version = "3.2.1"
source = "registry+https://github.com/rust-lang/crates.io-index"
checksum = "12ae9db68ad7fac5fe51304d20f016c911539251075a214f8e663babefa35187"

[[package]]
name = "byteorder"
version = "1.3.4"
source = "registry+https://github.com/rust-lang/crates.io-index"
checksum = "08c48aae112d48ed9f069b33538ea9e3e90aa263cfa3d1c24309612b1f7472de"

[[package]]
name = "bytes"
version = "0.5.4"
source = "registry+https://github.com/rust-lang/crates.io-index"
checksum = "130aac562c0dd69c56b3b1cc8ffd2e17be31d0b6c25b61c96b76231aa23e39e1"
dependencies = [
 "serde",
]

[[package]]
name = "cfg-if"
version = "0.1.10"
source = "registry+https://github.com/rust-lang/crates.io-index"
checksum = "4785bdd1c96b2a846b2bd7cc02e86b6b3dbf14e7e53446c4f54c92a361040822"

[[package]]
name = "cfg-match"
version = "0.2.1"
source = "registry+https://github.com/rust-lang/crates.io-index"
checksum = "8100e46ff92eb85bf6dc2930c73f2a4f7176393c84a9446b3d501e1b354e7b34"

[[package]]
name = "console_error_panic_hook"
version = "0.1.6"
source = "registry+https://github.com/rust-lang/crates.io-index"
checksum = "b8d976903543e0c48546a91908f21588a680a8c8f984df9a5d69feccb2b2a211"
dependencies = [
 "cfg-if",
 "wasm-bindgen",
]

[[package]]
name = "derive_more"
version = "0.99.5"
source = "registry+https://github.com/rust-lang/crates.io-index"
checksum = "e2323f3f47db9a0e77ce7a300605d8d2098597fc451ed1a97bb1f6411bb550a7"
dependencies = [
 "proc-macro2",
 "quote",
 "syn",
]

[[package]]
name = "fnv"
version = "1.0.6"
source = "registry+https://github.com/rust-lang/crates.io-index"
checksum = "2fad85553e09a6f881f739c29f0b00b0f01357c743266d478b68951ce23285f3"

[[package]]
name = "frontend"
version = "0.0.0"
dependencies = [
 "bincode",
 "console_error_panic_hook",
 "derive_more",
 "gloo-events",
 "js-sys",
 "lazy_static",
 "mixlab-mux",
 "mixlab-protocol",
 "plotters",
 "uuid",
 "wasm-bindgen",
 "wasm-bindgen-futures",
 "web-sys",
 "yew",
]

[[package]]
name = "futures"
version = "0.3.4"
source = "registry+https://github.com/rust-lang/crates.io-index"
checksum = "5c329ae8753502fb44ae4fc2b622fa2a94652c41e795143765ba0927f92ab780"
dependencies = [
 "futures-channel",
 "futures-core",
 "futures-executor",
 "futures-io",
 "futures-sink",
 "futures-task",
 "futures-util",
]

[[package]]
name = "futures-channel"
version = "0.3.4"
source = "registry+https://github.com/rust-lang/crates.io-index"
checksum = "f0c77d04ce8edd9cb903932b608268b3fffec4163dc053b3b402bf47eac1f1a8"
dependencies = [
 "futures-core",
 "futures-sink",
]

[[package]]
name = "futures-core"
version = "0.3.4"
source = "registry+https://github.com/rust-lang/crates.io-index"
checksum = "f25592f769825e89b92358db00d26f965761e094951ac44d3663ef25b7ac464a"

[[package]]
name = "futures-executor"
version = "0.3.4"
source = "registry+https://github.com/rust-lang/crates.io-index"
checksum = "f674f3e1bcb15b37284a90cedf55afdba482ab061c407a9c0ebbd0f3109741ba"
dependencies = [
 "futures-core",
 "futures-task",
 "futures-util",
]

[[package]]
name = "futures-io"
version = "0.3.4"
source = "registry+https://github.com/rust-lang/crates.io-index"
checksum = "a638959aa96152c7a4cddf50fcb1e3fede0583b27157c26e67d6f99904090dc6"

[[package]]
name = "futures-macro"
version = "0.3.4"
source = "registry+https://github.com/rust-lang/crates.io-index"
checksum = "9a5081aa3de1f7542a794a397cde100ed903b0630152d0973479018fd85423a7"
dependencies = [
 "proc-macro-hack",
 "proc-macro2",
 "quote",
 "syn",
]

[[package]]
name = "futures-sink"
version = "0.3.4"
source = "registry+https://github.com/rust-lang/crates.io-index"
checksum = "3466821b4bc114d95b087b850a724c6f83115e929bc88f1fa98a3304a944c8a6"

[[package]]
name = "futures-task"
version = "0.3.4"
source = "registry+https://github.com/rust-lang/crates.io-index"
checksum = "7b0a34e53cf6cdcd0178aa573aed466b646eb3db769570841fda0c7ede375a27"

[[package]]
name = "futures-util"
version = "0.3.4"
source = "registry+https://github.com/rust-lang/crates.io-index"
checksum = "22766cf25d64306bedf0384da004d05c9974ab104fcc4528f1236181c18004c5"
dependencies = [
 "futures-channel",
 "futures-core",
 "futures-io",
 "futures-macro",
 "futures-sink",
 "futures-task",
 "memchr",
 "pin-utils",
 "proc-macro-hack",
 "proc-macro-nested",
 "slab",
]

[[package]]
name = "gloo"
version = "0.2.1"
source = "registry+https://github.com/rust-lang/crates.io-index"
checksum = "68ce6f2dfa9f57f15b848efa2aade5e1850dc72986b87a2b0752d44ca08f4967"
dependencies = [
 "gloo-console-timer",
 "gloo-events",
 "gloo-file",
 "gloo-timers",
]

[[package]]
name = "gloo-console-timer"
version = "0.1.0"
source = "registry+https://github.com/rust-lang/crates.io-index"
checksum = "b48675544b29ac03402c6dffc31a912f716e38d19f7e74b78b7e900ec3c941ea"
dependencies = [
 "web-sys",
]

[[package]]
name = "gloo-events"
version = "0.1.1"
source = "registry+https://github.com/rust-lang/crates.io-index"
checksum = "088514ec8ef284891c762c88a66b639b3a730134714692ee31829765c5bc814f"
dependencies = [
 "wasm-bindgen",
 "web-sys",
]

[[package]]
name = "gloo-file"
version = "0.1.0"
source = "registry+https://github.com/rust-lang/crates.io-index"
checksum = "8f9fecfe46b5dc3cc46f58e98ba580cc714f2c93860796d002eb3527a465ef49"
dependencies = [
 "gloo-events",
 "js-sys",
 "wasm-bindgen",
 "web-sys",
]

[[package]]
name = "gloo-timers"
version = "0.2.1"
source = "registry+https://github.com/rust-lang/crates.io-index"
checksum = "47204a46aaff920a1ea58b11d03dec6f704287d27561724a4631e450654a891f"
dependencies = [
 "js-sys",
 "wasm-bindgen",
 "web-sys",
]

[[package]]
name = "http"
version = "0.2.1"
source = "registry+https://github.com/rust-lang/crates.io-index"
checksum = "28d569972648b2c512421b5f2a405ad6ac9666547189d0c5477a3f200f3e02f9"
dependencies = [
 "bytes",
 "fnv",
 "itoa",
]

[[package]]
name = "indexmap"
version = "1.3.2"
source = "registry+https://github.com/rust-lang/crates.io-index"
checksum = "076f042c5b7b98f31d205f1249267e12a6518c1481e9dae9764af19b707d2292"
dependencies = [
 "autocfg",
]

[[package]]
name = "itoa"
version = "0.4.5"
source = "registry+https://github.com/rust-lang/crates.io-index"
checksum = "b8b7a7c0c47db5545ed3fef7468ee7bb5b74691498139e4b3f6a20685dc6dd8e"

[[package]]
name = "js-sys"
version = "0.3.37"
source = "registry+https://github.com/rust-lang/crates.io-index"
checksum = "6a27d435371a2fa5b6d2b028a74bbdb1234f308da363226a2854ca3ff8ba7055"
dependencies = [
 "wasm-bindgen",
]

[[package]]
name = "lazy_static"
version = "1.4.0"
source = "registry+https://github.com/rust-lang/crates.io-index"
checksum = "e2abad23fbc42b3700f2f279844dc832adb2b2eb069b2df918f455c4e18cc646"

[[package]]
name = "log"
version = "0.4.8"
source = "registry+https://github.com/rust-lang/crates.io-index"
checksum = "14b6052be84e6b71ab17edffc2eeabf5c2c3ae1fdb464aae35ac50c67a44e1f7"
dependencies = [
 "cfg-if",
]

[[package]]
name = "memchr"
version = "2.3.3"
source = "registry+https://github.com/rust-lang/crates.io-index"
checksum = "3728d817d99e5ac407411fa471ff9800a778d88a24685968b36824eaf4bee400"

[[package]]
name = "mixlab-mux"
version = "0.0.0"
dependencies = [
 "bytes",
 "mixlab-util",
 "mse_fmp4",
 "serde",
 "serde_derive",
]

[[package]]
name = "mixlab-protocol"
version = "0.0.0"
dependencies = [
 "mixlab-mux",
 "mixlab-util",
 "serde",
 "serde_derive",
 "uuid",
]

[[package]]
name = "mixlab-util"
version = "0.1.0"
dependencies = [
 "derive_more",
 "num-rational",
 "num-traits",
 "serde",
]

[[package]]
name = "mpeg2ts"
version = "0.1.1"
source = "registry+https://github.com/rust-lang/crates.io-index"
checksum = "7a38c92bbb0d15f62ed915c392f2d675e3c0889c98be7ad418ae660bfcb7f3b2"
dependencies = [
 "byteorder",
 "trackable",
]

[[package]]
name = "mse_fmp4"
version = "0.1.3"
source = "git+https://github.com/charliesome/mse_fmp4?rev=59b19c8fc715e118a98b758456dad22b0bcf7614#59b19c8fc715e118a98b758456dad22b0bcf7614"
dependencies = [
 "byteorder",
 "mpeg2ts",
 "trackable",
]

[[package]]
name = "num-bigint"
version = "0.3.0"
source = "registry+https://github.com/rust-lang/crates.io-index"
checksum = "b7f3fc75e3697059fb1bc465e3d8cca6cf92f56854f201158b3f9c77d5a3cfa0"
dependencies = [
 "autocfg",
 "num-integer",
 "num-traits",
]

[[package]]
name = "num-integer"
version = "0.1.43"
source = "registry+https://github.com/rust-lang/crates.io-index"
checksum = "8d59457e662d541ba17869cf51cf177c0b5f0cbf476c66bdc90bf1edac4f875b"
dependencies = [
 "autocfg",
 "num-traits",
]

[[package]]
name = "num-rational"
version = "0.3.0"
source = "registry+https://github.com/rust-lang/crates.io-index"
checksum = "a5b4d7360f362cfb50dde8143501e6940b22f644be75a4cc90b2d81968908138"
dependencies = [
 "autocfg",
 "num-bigint",
 "num-integer",
 "num-traits",
 "serde",
]

[[package]]
name = "num-traits"
version = "0.2.11"
source = "registry+https://github.com/rust-lang/crates.io-index"
checksum = "c62be47e61d1842b9170f0fdeec8eba98e60e90e5446449a0545e5152acd7096"
dependencies = [
 "autocfg",
]

[[package]]
name = "pin-utils"
version = "0.1.0-alpha.4"
source = "registry+https://github.com/rust-lang/crates.io-index"
checksum = "5894c618ce612a3fa23881b152b608bafb8c56cfc22f434a3ba3120b40f7b587"

[[package]]
name = "plotters"
version = "0.2.12"
source = "registry+https://github.com/rust-lang/crates.io-index"
checksum = "4e3bb8da247d27ae212529352020f3e5ee16e83c0c258061d27b08ab92675eeb"
dependencies = [
 "js-sys",
 "num-traits",
 "wasm-bindgen",
 "web-sys",
]

[[package]]
name = "proc-macro-hack"
version = "0.5.14"
source = "registry+https://github.com/rust-lang/crates.io-index"
checksum = "fcfdefadc3d57ca21cf17990a28ef4c0f7c61383a28cb7604cf4a18e6ede1420"

[[package]]
name = "proc-macro-nested"
version = "0.1.4"
source = "registry+https://github.com/rust-lang/crates.io-index"
checksum = "8e946095f9d3ed29ec38de908c22f95d9ac008e424c7bcae54c75a79c527c694"

[[package]]
name = "proc-macro2"
version = "1.0.10"
source = "registry+https://github.com/rust-lang/crates.io-index"
checksum = "df246d292ff63439fea9bc8c0a270bed0e390d5ebd4db4ba15aba81111b5abe3"
dependencies = [
 "unicode-xid",
]

[[package]]
name = "quote"
version = "1.0.3"
source = "registry+https://github.com/rust-lang/crates.io-index"
checksum = "2bdc6c187c65bca4260c9011c9e3132efe4909da44726bad24cf7572ae338d7f"
dependencies = [
 "proc-macro2",
]

[[package]]
name = "ryu"
version = "1.0.3"
source = "registry+https://github.com/rust-lang/crates.io-index"
checksum = "535622e6be132bccd223f4bb2b8ac8d53cda3c7a6394944d3b2b33fb974f9d76"

[[package]]
name = "serde"
version = "1.0.105"
source = "registry+https://github.com/rust-lang/crates.io-index"
checksum = "e707fbbf255b8fc8c3b99abb91e7257a622caeb20a9818cbadbeeede4e0932ff"
dependencies = [
 "serde_derive",
]

[[package]]
name = "serde_derive"
version = "1.0.105"
source = "registry+https://github.com/rust-lang/crates.io-index"
checksum = "ac5d00fc561ba2724df6758a17de23df5914f20e41cb00f94d5b7ae42fffaff8"
dependencies = [
 "proc-macro2",
 "quote",
 "syn",
]

[[package]]
name = "serde_json"
version = "1.0.50"
source = "registry+https://github.com/rust-lang/crates.io-index"
checksum = "78a7a12c167809363ec3bd7329fc0a3369056996de43c4b37ef3cd54a6ce4867"
dependencies = [
 "itoa",
 "ryu",
 "serde",
]

[[package]]
name = "slab"
version = "0.4.2"
source = "registry+https://github.com/rust-lang/crates.io-index"
checksum = "c111b5bd5695e56cffe5129854aa230b39c93a305372fdbb2668ca2394eea9f8"

[[package]]
name = "syn"
version = "1.0.17"
source = "registry+https://github.com/rust-lang/crates.io-index"
checksum = "0df0eb663f387145cab623dea85b09c2c5b4b0aef44e945d928e682fce71bb03"
dependencies = [
 "proc-macro2",
 "quote",
 "unicode-xid",
]

[[package]]
name = "thiserror"
version = "1.0.14"
source = "registry+https://github.com/rust-lang/crates.io-index"
checksum = "f0570dc61221295909abdb95c739f2e74325e14293b2026b0a7e195091ec54ae"
dependencies = [
 "thiserror-impl",
]

[[package]]
name = "thiserror-impl"
version = "1.0.14"
source = "registry+https://github.com/rust-lang/crates.io-index"
checksum = "227362df41d566be41a28f64401e07a043157c21c14b9785a0d8e256f940a8fd"
dependencies = [
 "proc-macro2",
 "quote",
 "syn",
]

[[package]]
name = "trackable"
version = "0.2.23"
source = "registry+https://github.com/rust-lang/crates.io-index"
checksum = "11475c3c53b075360eac9794965822cb053996046545f91cf61d90e00b72efa5"
dependencies = [
 "trackable_derive",
]

[[package]]
name = "trackable_derive"
version = "0.1.3"
source = "registry+https://github.com/rust-lang/crates.io-index"
checksum = "edcf0b9b2caa5f4804ef77aeee1b929629853d806117c48258f402b69737e65c"
dependencies = [
 "quote",
 "syn",
]

[[package]]
name = "unicode-xid"
version = "0.2.0"
source = "registry+https://github.com/rust-lang/crates.io-index"
checksum = "826e7639553986605ec5979c7dd957c7895e93eabed50ab2ffa7f6128a75097c"

[[package]]
name = "uuid"
version = "0.8.1"
source = "registry+https://github.com/rust-lang/crates.io-index"
checksum = "9fde2f6a4bea1d6e007c4ad38c6839fa71cbb63b6dbf5b595aa38dc9b1093c11"
dependencies = [
 "serde",
]

[[package]]
name = "wasm-bindgen"
version = "0.2.60"
source = "registry+https://github.com/rust-lang/crates.io-index"
checksum = "2cc57ce05287f8376e998cbddfb4c8cb43b84a7ec55cf4551d7c00eef317a47f"
dependencies = [
 "cfg-if",
 "wasm-bindgen-macro",
]

[[package]]
name = "wasm-bindgen-backend"
version = "0.2.60"
source = "registry+https://github.com/rust-lang/crates.io-index"
checksum = "d967d37bf6c16cca2973ca3af071d0a2523392e4a594548155d89a678f4237cd"
dependencies = [
 "bumpalo",
 "lazy_static",
 "log",
 "proc-macro2",
 "quote",
 "syn",
 "wasm-bindgen-shared",
]

[[package]]
name = "wasm-bindgen-futures"
version = "0.4.10"
source = "registry+https://github.com/rust-lang/crates.io-index"
checksum = "7add542ea1ac7fdaa9dc25e031a6af33b7d63376292bd24140c637d00d1c312a"
dependencies = [
 "cfg-if",
 "js-sys",
 "wasm-bindgen",
 "web-sys",
]

[[package]]
name = "wasm-bindgen-macro"
version = "0.2.60"
source = "registry+https://github.com/rust-lang/crates.io-index"
checksum = "8bd151b63e1ea881bb742cd20e1d6127cef28399558f3b5d415289bc41eee3a4"
dependencies = [
 "quote",
 "wasm-bindgen-macro-support",
]

[[package]]
name = "wasm-bindgen-macro-support"
version = "0.2.60"
source = "registry+https://github.com/rust-lang/crates.io-index"
checksum = "d68a5b36eef1be7868f668632863292e37739656a80fc4b9acec7b0bd35a4931"
dependencies = [
 "proc-macro2",
 "quote",
 "syn",
 "wasm-bindgen-backend",
 "wasm-bindgen-shared",
]

[[package]]
name = "wasm-bindgen-shared"
version = "0.2.60"
source = "registry+https://github.com/rust-lang/crates.io-index"
checksum = "daf76fe7d25ac79748a37538b7daeed1c7a6867c92d3245c12c6222e4a20d639"

[[package]]
name = "web-sys"
version = "0.3.37"
source = "registry+https://github.com/rust-lang/crates.io-index"
checksum = "2d6f51648d8c56c366144378a33290049eafdd784071077f6fe37dae64c1c4cb"
dependencies = [
 "js-sys",
 "wasm-bindgen",
]

[[package]]
name = "yew"
version = "0.14.2"
source = "registry+https://github.com/rust-lang/crates.io-index"
checksum = "20c1d343cdf3d625752fd4d9fef73e1b6b2b8a08b00c832b0fc4a47f3b10fbef"
dependencies = [
 "anyhow",
 "anymap",
 "bincode",
 "cfg-if",
 "cfg-match",
 "console_error_panic_hook",
 "futures",
 "gloo",
 "http",
 "indexmap",
 "js-sys",
 "log",
 "proc-macro-hack",
 "proc-macro-nested",
 "ryu",
 "serde",
 "serde_json",
 "slab",
 "thiserror",
 "wasm-bindgen",
 "wasm-bindgen-futures",
 "web-sys",
 "yew-macro",
]

[[package]]
name = "yew-macro"
version = "0.14.0"
source = "registry+https://github.com/rust-lang/crates.io-index"
checksum = "fb25d91f16265dd1643497ac3252be6c21c169d9cf3babcae32325c74200499f"
dependencies = [
 "boolinator",
 "lazy_static",
 "proc-macro-hack",
 "proc-macro2",
 "quote",
 "syn",
]
